// !$*UTF8*$!
{
	archiveVersion = 1;
	classes = {
	};
	objectVersion = 46;
	objects = {

/* Begin PBXBuildFile section */
		80A4E7772B1148862095A286 /* Pods_paytter.framework in Frameworks */ = {isa = PBXBuildFile; fileRef = 05D3417BE87B3962AF4B42DD /* Pods_paytter.framework */; };
		BE293E121C93CED000549261 /* AppDelegate.swift in Sources */ = {isa = PBXBuildFile; fileRef = BE293E111C93CED000549261 /* AppDelegate.swift */; };
		BE293E141C93CED000549261 /* ViewController.swift in Sources */ = {isa = PBXBuildFile; fileRef = BE293E131C93CED000549261 /* ViewController.swift */; };
		BE293E171C93CED000549261 /* Scan.storyboard in Resources */ = {isa = PBXBuildFile; fileRef = BE293E151C93CED000549261 /* Scan.storyboard */; };
		BE293E191C93CED000549261 /* Assets.xcassets in Resources */ = {isa = PBXBuildFile; fileRef = BE293E181C93CED000549261 /* Assets.xcassets */; };
		BE293E1C1C93CED000549261 /* LaunchScreen.storyboard in Resources */ = {isa = PBXBuildFile; fileRef = BE293E1A1C93CED000549261 /* LaunchScreen.storyboard */; };
		BE293E241C93D2B200549261 /* Cart.storyboard in Resources */ = {isa = PBXBuildFile; fileRef = BE293E231C93D2B200549261 /* Cart.storyboard */; };
		BE293E261C93D2B900549261 /* MyPage.storyboard in Resources */ = {isa = PBXBuildFile; fileRef = BE293E251C93D2B900549261 /* MyPage.storyboard */; };
		BE293E281C93D48F00549261 /* BarcodeScanViewController.swift in Sources */ = {isa = PBXBuildFile; fileRef = BE293E271C93D48F00549261 /* BarcodeScanViewController.swift */; };
		BE293E2A1C93D4A800549261 /* ImageScanViewController.swift in Sources */ = {isa = PBXBuildFile; fileRef = BE293E291C93D4A800549261 /* ImageScanViewController.swift */; };
		BE293E2C1C93D4C700549261 /* CartViewController.swift in Sources */ = {isa = PBXBuildFile; fileRef = BE293E2B1C93D4C700549261 /* CartViewController.swift */; };
		BE293E2E1C93D4FD00549261 /* CartItemDetailViewController.swift in Sources */ = {isa = PBXBuildFile; fileRef = BE293E2D1C93D4FD00549261 /* CartItemDetailViewController.swift */; };
		BE293E301C93D50700549261 /* ScanItemDetailViewController.swift in Sources */ = {isa = PBXBuildFile; fileRef = BE293E2F1C93D50700549261 /* ScanItemDetailViewController.swift */; };
		BE293E321C93D53E00549261 /* CartItemCell.swift in Sources */ = {isa = PBXBuildFile; fileRef = BE293E311C93D53E00549261 /* CartItemCell.swift */; };
		BE293E341C93D58A00549261 /* MyPageViewController.swift in Sources */ = {isa = PBXBuildFile; fileRef = BE293E331C93D58A00549261 /* MyPageViewController.swift */; };
		BE293E391C93D63900549261 /* ViewControllerFactory.swift in Sources */ = {isa = PBXBuildFile; fileRef = BE293E381C93D63900549261 /* ViewControllerFactory.swift */; };
		BE293E3C1C93D9C700549261 /* Main.storyboard in Resources */ = {isa = PBXBuildFile; fileRef = BE293E3B1C93D9C700549261 /* Main.storyboard */; };
		BE293E3E1C93DD3A00549261 /* UIColor+AppDefinedColor.swift in Sources */ = {isa = PBXBuildFile; fileRef = BE293E3D1C93DD3A00549261 /* UIColor+AppDefinedColor.swift */; };
		BE293E411C93E35B00549261 /* ScanNavigationController.swift in Sources */ = {isa = PBXBuildFile; fileRef = BE293E401C93E35B00549261 /* ScanNavigationController.swift */; };
		BE293E431C93E9D500549261 /* Shopping.swift in Sources */ = {isa = PBXBuildFile; fileRef = BE293E421C93E9D500549261 /* Shopping.swift */; };
		BE293E471C93EFEE00549261 /* APIManager.swift in Sources */ = {isa = PBXBuildFile; fileRef = BE293E461C93EFEE00549261 /* APIManager.swift */; };
/* End PBXBuildFile section */

/* Begin PBXFileReference section */
		05D3417BE87B3962AF4B42DD /* Pods_paytter.framework */ = {isa = PBXFileReference; explicitFileType = wrapper.framework; includeInIndex = 0; path = Pods_paytter.framework; sourceTree = BUILT_PRODUCTS_DIR; };
		2DF8D9BFA5FCAEAC903310AC /* Pods-paytter.release.xcconfig */ = {isa = PBXFileReference; includeInIndex = 1; lastKnownFileType = text.xcconfig; name = "Pods-paytter.release.xcconfig"; path = "Pods/Target Support Files/Pods-paytter/Pods-paytter.release.xcconfig"; sourceTree = "<group>"; };
		BE293E0E1C93CECF00549261 /* paytter.app */ = {isa = PBXFileReference; explicitFileType = wrapper.application; includeInIndex = 0; path = paytter.app; sourceTree = BUILT_PRODUCTS_DIR; };
		BE293E111C93CED000549261 /* AppDelegate.swift */ = {isa = PBXFileReference; lastKnownFileType = sourcecode.swift; path = AppDelegate.swift; sourceTree = "<group>"; };
		BE293E131C93CED000549261 /* ViewController.swift */ = {isa = PBXFileReference; lastKnownFileType = sourcecode.swift; path = ViewController.swift; sourceTree = "<group>"; };
		BE293E161C93CED000549261 /* Base */ = {isa = PBXFileReference; lastKnownFileType = file.storyboard; name = Base; path = Base.lproj/Scan.storyboard; sourceTree = "<group>"; };
		BE293E181C93CED000549261 /* Assets.xcassets */ = {isa = PBXFileReference; lastKnownFileType = folder.assetcatalog; path = Assets.xcassets; sourceTree = "<group>"; };
		BE293E1B1C93CED000549261 /* Base */ = {isa = PBXFileReference; lastKnownFileType = file.storyboard; name = Base; path = Base.lproj/LaunchScreen.storyboard; sourceTree = "<group>"; };
		BE293E1D1C93CED000549261 /* Info.plist */ = {isa = PBXFileReference; lastKnownFileType = text.plist.xml; path = Info.plist; sourceTree = "<group>"; };
		BE293E231C93D2B200549261 /* Cart.storyboard */ = {isa = PBXFileReference; fileEncoding = 4; lastKnownFileType = file.storyboard; path = Cart.storyboard; sourceTree = "<group>"; };
		BE293E251C93D2B900549261 /* MyPage.storyboard */ = {isa = PBXFileReference; fileEncoding = 4; lastKnownFileType = file.storyboard; path = MyPage.storyboard; sourceTree = "<group>"; };
		BE293E271C93D48F00549261 /* BarcodeScanViewController.swift */ = {isa = PBXFileReference; fileEncoding = 4; lastKnownFileType = sourcecode.swift; path = BarcodeScanViewController.swift; sourceTree = "<group>"; };
		BE293E291C93D4A800549261 /* ImageScanViewController.swift */ = {isa = PBXFileReference; fileEncoding = 4; lastKnownFileType = sourcecode.swift; path = ImageScanViewController.swift; sourceTree = "<group>"; };
		BE293E2B1C93D4C700549261 /* CartViewController.swift */ = {isa = PBXFileReference; fileEncoding = 4; lastKnownFileType = sourcecode.swift; path = CartViewController.swift; sourceTree = "<group>"; };
		BE293E2D1C93D4FD00549261 /* CartItemDetailViewController.swift */ = {isa = PBXFileReference; fileEncoding = 4; lastKnownFileType = sourcecode.swift; path = CartItemDetailViewController.swift; sourceTree = "<group>"; };
		BE293E2F1C93D50700549261 /* ScanItemDetailViewController.swift */ = {isa = PBXFileReference; fileEncoding = 4; lastKnownFileType = sourcecode.swift; path = ScanItemDetailViewController.swift; sourceTree = "<group>"; };
		BE293E311C93D53E00549261 /* CartItemCell.swift */ = {isa = PBXFileReference; fileEncoding = 4; lastKnownFileType = sourcecode.swift; path = CartItemCell.swift; sourceTree = "<group>"; };
		BE293E331C93D58A00549261 /* MyPageViewController.swift */ = {isa = PBXFileReference; fileEncoding = 4; lastKnownFileType = sourcecode.swift; path = MyPageViewController.swift; sourceTree = "<group>"; };
		BE293E381C93D63900549261 /* ViewControllerFactory.swift */ = {isa = PBXFileReference; fileEncoding = 4; lastKnownFileType = sourcecode.swift; path = ViewControllerFactory.swift; sourceTree = "<group>"; };
		BE293E3B1C93D9C700549261 /* Main.storyboard */ = {isa = PBXFileReference; fileEncoding = 4; lastKnownFileType = file.storyboard; path = Main.storyboard; sourceTree = "<group>"; };
		BE293E3D1C93DD3A00549261 /* UIColor+AppDefinedColor.swift */ = {isa = PBXFileReference; fileEncoding = 4; lastKnownFileType = sourcecode.swift; path = "UIColor+AppDefinedColor.swift"; sourceTree = "<group>"; };
		BE293E401C93E35B00549261 /* ScanNavigationController.swift */ = {isa = PBXFileReference; fileEncoding = 4; lastKnownFileType = sourcecode.swift; path = ScanNavigationController.swift; sourceTree = "<group>"; };
		BE293E421C93E9D500549261 /* Shopping.swift */ = {isa = PBXFileReference; fileEncoding = 4; lastKnownFileType = sourcecode.swift; path = Shopping.swift; sourceTree = "<group>"; };
		BE293E461C93EFEE00549261 /* APIManager.swift */ = {isa = PBXFileReference; fileEncoding = 4; lastKnownFileType = sourcecode.swift; path = APIManager.swift; sourceTree = "<group>"; };
		EB25DF6EFE1244DA085B9D04 /* Pods-paytter.debug.xcconfig */ = {isa = PBXFileReference; includeInIndex = 1; lastKnownFileType = text.xcconfig; name = "Pods-paytter.debug.xcconfig"; path = "Pods/Target Support Files/Pods-paytter/Pods-paytter.debug.xcconfig"; sourceTree = "<group>"; };
/* End PBXFileReference section */

/* Begin PBXFrameworksBuildPhase section */
		BE293E0B1C93CECF00549261 /* Frameworks */ = {
			isa = PBXFrameworksBuildPhase;
			buildActionMask = 2147483647;
			files = (
				80A4E7772B1148862095A286 /* Pods_paytter.framework in Frameworks */,
			);
			runOnlyForDeploymentPostprocessing = 0;
		};
/* End PBXFrameworksBuildPhase section */

/* Begin PBXGroup section */
		65184CD9471DA8F5689054D6 /* Pods */ = {
			isa = PBXGroup;
			children = (
				EB25DF6EFE1244DA085B9D04 /* Pods-paytter.debug.xcconfig */,
				2DF8D9BFA5FCAEAC903310AC /* Pods-paytter.release.xcconfig */,
			);
			name = Pods;
			sourceTree = "<group>";
		};
		BE293E051C93CECF00549261 = {
			isa = PBXGroup;
			children = (
				BE293E101C93CED000549261 /* paytter */,
				BE293E0F1C93CECF00549261 /* Products */,
				65184CD9471DA8F5689054D6 /* Pods */,
				D8F0EE9AF672C038DD2C563D /* Frameworks */,
			);
			sourceTree = "<group>";
		};
		BE293E0F1C93CECF00549261 /* Products */ = {
			isa = PBXGroup;
			children = (
				BE293E0E1C93CECF00549261 /* paytter.app */,
			);
			name = Products;
			sourceTree = "<group>";
		};
		BE293E101C93CED000549261 /* paytter */ = {
			isa = PBXGroup;
			children = (
				BE293E111C93CED000549261 /* AppDelegate.swift */,
				BE293E131C93CED000549261 /* ViewController.swift */,
				BE293E421C93E9D500549261 /* Shopping.swift */,
				BE293E371C93D5B200549261 /* Scan */,
				BE293E351C93D59E00549261 /* Cart */,
				BE293E361C93D5A500549261 /* MyPage */,
				BE293E3F1C93DD5400549261 /* Category */,
				BE293E3A1C93D8F000549261 /* Utility */,
				BE293E3B1C93D9C700549261 /* Main.storyboard */,
				BE293E151C93CED000549261 /* Scan.storyboard */,
				BE293E231C93D2B200549261 /* Cart.storyboard */,
				BE293E251C93D2B900549261 /* MyPage.storyboard */,
				BE293E181C93CED000549261 /* Assets.xcassets */,
				BE293E1A1C93CED000549261 /* LaunchScreen.storyboard */,
				BE293E1D1C93CED000549261 /* Info.plist */,
			);
			path = paytter;
			sourceTree = "<group>";
		};
		BE293E351C93D59E00549261 /* Cart */ = {
			isa = PBXGroup;
			children = (
				BE293E2B1C93D4C700549261 /* CartViewController.swift */,
				BE293E2D1C93D4FD00549261 /* CartItemDetailViewController.swift */,
				BE293E311C93D53E00549261 /* CartItemCell.swift */,
			);
			name = Cart;
			sourceTree = "<group>";
		};
		BE293E361C93D5A500549261 /* MyPage */ = {
			isa = PBXGroup;
			children = (
				BE293E331C93D58A00549261 /* MyPageViewController.swift */,
			);
			name = MyPage;
			sourceTree = "<group>";
		};
		BE293E371C93D5B200549261 /* Scan */ = {
			isa = PBXGroup;
			children = (
				BE293E271C93D48F00549261 /* BarcodeScanViewController.swift */,
				BE293E291C93D4A800549261 /* ImageScanViewController.swift */,
				BE293E2F1C93D50700549261 /* ScanItemDetailViewController.swift */,
				BE293E401C93E35B00549261 /* ScanNavigationController.swift */,
			);
			name = Scan;
			sourceTree = "<group>";
		};
		BE293E3A1C93D8F000549261 /* Utility */ = {
			isa = PBXGroup;
			children = (
				BE293E381C93D63900549261 /* ViewControllerFactory.swift */,
				BE293E461C93EFEE00549261 /* APIManager.swift */,
			);
			name = Utility;
			sourceTree = "<group>";
		};
		BE293E3F1C93DD5400549261 /* Category */ = {
			isa = PBXGroup;
			children = (
				BE293E3D1C93DD3A00549261 /* UIColor+AppDefinedColor.swift */,
			);
			name = Category;
			sourceTree = "<group>";
		};
		D8F0EE9AF672C038DD2C563D /* Frameworks */ = {
			isa = PBXGroup;
			children = (
				05D3417BE87B3962AF4B42DD /* Pods_paytter.framework */,
			);
			name = Frameworks;
			sourceTree = "<group>";
		};
/* End PBXGroup section */

/* Begin PBXNativeTarget section */
		BE293E0D1C93CECF00549261 /* paytter */ = {
			isa = PBXNativeTarget;
			buildConfigurationList = BE293E201C93CED000549261 /* Build configuration list for PBXNativeTarget "paytter" */;
			buildPhases = (
				F61C51D99475541DB4FFCE78 /* Check Pods Manifest.lock */,
				BE293E0A1C93CECF00549261 /* Sources */,
				BE293E0B1C93CECF00549261 /* Frameworks */,
				BE293E0C1C93CECF00549261 /* Resources */,
				C6F76D0E45BC54F16BAF0ADE /* Embed Pods Frameworks */,
				DE7A2E3266E3E5BB2977671F /* Copy Pods Resources */,
			);
			buildRules = (
			);
			dependencies = (
			);
			name = paytter;
			productName = paytter;
			productReference = BE293E0E1C93CECF00549261 /* paytter.app */;
			productType = "com.apple.product-type.application";
		};
/* End PBXNativeTarget section */

/* Begin PBXProject section */
		BE293E061C93CECF00549261 /* Project object */ = {
			isa = PBXProject;
			attributes = {
				LastSwiftUpdateCheck = 0720;
				LastUpgradeCheck = 0720;
				ORGANIZATIONNAME = ITF.;
				TargetAttributes = {
					BE293E0D1C93CECF00549261 = {
						CreatedOnToolsVersion = 7.2.1;
					};
				};
			};
			buildConfigurationList = BE293E091C93CECF00549261 /* Build configuration list for PBXProject "paytter" */;
			compatibilityVersion = "Xcode 3.2";
			developmentRegion = English;
			hasScannedForEncodings = 0;
			knownRegions = (
				en,
				Base,
			);
			mainGroup = BE293E051C93CECF00549261;
			productRefGroup = BE293E0F1C93CECF00549261 /* Products */;
			projectDirPath = "";
			projectRoot = "";
			targets = (
				BE293E0D1C93CECF00549261 /* paytter */,
			);
		};
/* End PBXProject section */

/* Begin PBXResourcesBuildPhase section */
		BE293E0C1C93CECF00549261 /* Resources */ = {
			isa = PBXResourcesBuildPhase;
			buildActionMask = 2147483647;
			files = (
				BE293E241C93D2B200549261 /* Cart.storyboard in Resources */,
				BE293E261C93D2B900549261 /* MyPage.storyboard in Resources */,
				BE293E1C1C93CED000549261 /* LaunchScreen.storyboard in Resources */,
				BE293E3C1C93D9C700549261 /* Main.storyboard in Resources */,
				BE293E191C93CED000549261 /* Assets.xcassets in Resources */,
				BE293E171C93CED000549261 /* Scan.storyboard in Resources */,
			);
			runOnlyForDeploymentPostprocessing = 0;
		};
/* End PBXResourcesBuildPhase section */

/* Begin PBXShellScriptBuildPhase section */
		C6F76D0E45BC54F16BAF0ADE /* Embed Pods Frameworks */ = {
			isa = PBXShellScriptBuildPhase;
			buildActionMask = 2147483647;
			files = (
			);
			inputPaths = (
			);
			name = "Embed Pods Frameworks";
			outputPaths = (
			);
			runOnlyForDeploymentPostprocessing = 0;
			shellPath = /bin/sh;
			shellScript = "\"${SRCROOT}/Pods/Target Support Files/Pods-paytter/Pods-paytter-frameworks.sh\"\n";
			showEnvVarsInLog = 0;
		};
		DE7A2E3266E3E5BB2977671F /* Copy Pods Resources */ = {
			isa = PBXShellScriptBuildPhase;
			buildActionMask = 2147483647;
			files = (
			);
			inputPaths = (
			);
			name = "Copy Pods Resources";
			outputPaths = (
			);
			runOnlyForDeploymentPostprocessing = 0;
			shellPath = /bin/sh;
			shellScript = "\"${SRCROOT}/Pods/Target Support Files/Pods-paytter/Pods-paytter-resources.sh\"\n";
			showEnvVarsInLog = 0;
		};
		F61C51D99475541DB4FFCE78 /* Check Pods Manifest.lock */ = {
			isa = PBXShellScriptBuildPhase;
			buildActionMask = 2147483647;
			files = (
			);
			inputPaths = (
			);
			name = "Check Pods Manifest.lock";
			outputPaths = (
			);
			runOnlyForDeploymentPostprocessing = 0;
			shellPath = /bin/sh;
			shellScript = "diff \"${PODS_ROOT}/../Podfile.lock\" \"${PODS_ROOT}/Manifest.lock\" > /dev/null\nif [[ $? != 0 ]] ; then\n    cat << EOM\nerror: The sandbox is not in sync with the Podfile.lock. Run 'pod install' or update your CocoaPods installation.\nEOM\n    exit 1\nfi\n";
			showEnvVarsInLog = 0;
		};
/* End PBXShellScriptBuildPhase section */

/* Begin PBXSourcesBuildPhase section */
		BE293E0A1C93CECF00549261 /* Sources */ = {
			isa = PBXSourcesBuildPhase;
			buildActionMask = 2147483647;
			files = (
				BE293E2E1C93D4FD00549261 /* CartItemDetailViewController.swift in Sources */,
				BE293E3E1C93DD3A00549261 /* UIColor+AppDefinedColor.swift in Sources */,
				BE293E391C93D63900549261 /* ViewControllerFactory.swift in Sources */,
				BE293E341C93D58A00549261 /* MyPageViewController.swift in Sources */,
				BE293E141C93CED000549261 /* ViewController.swift in Sources */,
				BE293E121C93CED000549261 /* AppDelegate.swift in Sources */,
				BE293E301C93D50700549261 /* ScanItemDetailViewController.swift in Sources */,
				BE293E431C93E9D500549261 /* Shopping.swift in Sources */,
				BE293E2C1C93D4C700549261 /* CartViewController.swift in Sources */,
				BE293E281C93D48F00549261 /* BarcodeScanViewController.swift in Sources */,
				BE293E321C93D53E00549261 /* CartItemCell.swift in Sources */,
				BE293E411C93E35B00549261 /* ScanNavigationController.swift in Sources */,
				BE293E471C93EFEE00549261 /* APIManager.swift in Sources */,
				BE293E2A1C93D4A800549261 /* ImageScanViewController.swift in Sources */,
			);
			runOnlyForDeploymentPostprocessing = 0;
		};
/* End PBXSourcesBuildPhase section */

/* Begin PBXVariantGroup section */
		BE293E151C93CED000549261 /* Scan.storyboard */ = {
			isa = PBXVariantGroup;
			children = (
				BE293E161C93CED000549261 /* Base */,
			);
			name = Scan.storyboard;
			sourceTree = "<group>";
		};
		BE293E1A1C93CED000549261 /* LaunchScreen.storyboard */ = {
			isa = PBXVariantGroup;
			children = (
				BE293E1B1C93CED000549261 /* Base */,
			);
			name = LaunchScreen.storyboard;
			sourceTree = "<group>";
		};
/* End PBXVariantGroup section */

/* Begin XCBuildConfiguration section */
		BE293E1E1C93CED000549261 /* Debug */ = {
			isa = XCBuildConfiguration;
			buildSettings = {
				ALWAYS_SEARCH_USER_PATHS = NO;
				CLANG_CXX_LANGUAGE_STANDARD = "gnu++0x";
				CLANG_CXX_LIBRARY = "libc++";
				CLANG_ENABLE_MODULES = YES;
				CLANG_ENABLE_OBJC_ARC = YES;
				CLANG_WARN_BOOL_CONVERSION = YES;
				CLANG_WARN_CONSTANT_CONVERSION = YES;
				CLANG_WARN_DIRECT_OBJC_ISA_USAGE = YES_ERROR;
				CLANG_WARN_EMPTY_BODY = YES;
				CLANG_WARN_ENUM_CONVERSION = YES;
				CLANG_WARN_INT_CONVERSION = YES;
				CLANG_WARN_OBJC_ROOT_CLASS = YES_ERROR;
				CLANG_WARN_UNREACHABLE_CODE = YES;
				CLANG_WARN__DUPLICATE_METHOD_MATCH = YES;
				"CODE_SIGN_IDENTITY[sdk=iphoneos*]" = "iPhone Developer";
				COPY_PHASE_STRIP = NO;
				DEBUG_INFORMATION_FORMAT = dwarf;
				ENABLE_STRICT_OBJC_MSGSEND = YES;
				ENABLE_TESTABILITY = YES;
				GCC_C_LANGUAGE_STANDARD = gnu99;
				GCC_DYNAMIC_NO_PIC = NO;
				GCC_NO_COMMON_BLOCKS = YES;
				GCC_OPTIMIZATION_LEVEL = 0;
				GCC_PREPROCESSOR_DEFINITIONS = (
					"DEBUG=1",
					"$(inherited)",
				);
				GCC_WARN_64_TO_32_BIT_CONVERSION = YES;
				GCC_WARN_ABOUT_RETURN_TYPE = YES_ERROR;
				GCC_WARN_UNDECLARED_SELECTOR = YES;
				GCC_WARN_UNINITIALIZED_AUTOS = YES_AGGRESSIVE;
				GCC_WARN_UNUSED_FUNCTION = YES;
				GCC_WARN_UNUSED_VARIABLE = YES;
				IPHONEOS_DEPLOYMENT_TARGET = 9.2;
				MTL_ENABLE_DEBUG_INFO = YES;
				ONLY_ACTIVE_ARCH = YES;
				SDKROOT = iphoneos;
				SWIFT_OPTIMIZATION_LEVEL = "-Onone";
				TARGETED_DEVICE_FAMILY = "1,2";
			};
			name = Debug;
		};
		BE293E1F1C93CED000549261 /* Release */ = {
			isa = XCBuildConfiguration;
			buildSettings = {
				ALWAYS_SEARCH_USER_PATHS = NO;
				CLANG_CXX_LANGUAGE_STANDARD = "gnu++0x";
				CLANG_CXX_LIBRARY = "libc++";
				CLANG_ENABLE_MODULES = YES;
				CLANG_ENABLE_OBJC_ARC = YES;
				CLANG_WARN_BOOL_CONVERSION = YES;
				CLANG_WARN_CONSTANT_CONVERSION = YES;
				CLANG_WARN_DIRECT_OBJC_ISA_USAGE = YES_ERROR;
				CLANG_WARN_EMPTY_BODY = YES;
				CLANG_WARN_ENUM_CONVERSION = YES;
				CLANG_WARN_INT_CONVERSION = YES;
				CLANG_WARN_OBJC_ROOT_CLASS = YES_ERROR;
				CLANG_WARN_UNREACHABLE_CODE = YES;
				CLANG_WARN__DUPLICATE_METHOD_MATCH = YES;
				"CODE_SIGN_IDENTITY[sdk=iphoneos*]" = "iPhone Developer";
				COPY_PHASE_STRIP = NO;
				DEBUG_INFORMATION_FORMAT = "dwarf-with-dsym";
				ENABLE_NS_ASSERTIONS = NO;
				ENABLE_STRICT_OBJC_MSGSEND = YES;
				GCC_C_LANGUAGE_STANDARD = gnu99;
				GCC_NO_COMMON_BLOCKS = YES;
				GCC_WARN_64_TO_32_BIT_CONVERSION = YES;
				GCC_WARN_ABOUT_RETURN_TYPE = YES_ERROR;
				GCC_WARN_UNDECLARED_SELECTOR = YES;
				GCC_WARN_UNINITIALIZED_AUTOS = YES_AGGRESSIVE;
				GCC_WARN_UNUSED_FUNCTION = YES;
				GCC_WARN_UNUSED_VARIABLE = YES;
				IPHONEOS_DEPLOYMENT_TARGET = 9.2;
				MTL_ENABLE_DEBUG_INFO = NO;
				SDKROOT = iphoneos;
				TARGETED_DEVICE_FAMILY = "1,2";
				VALIDATE_PRODUCT = YES;
			};
			name = Release;
		};
		BE293E211C93CED000549261 /* Debug */ = {
			isa = XCBuildConfiguration;
			baseConfigurationReference = EB25DF6EFE1244DA085B9D04 /* Pods-paytter.debug.xcconfig */;
			buildSettings = {
				ASSETCATALOG_COMPILER_APPICON_NAME = AppIcon;
				INFOPLIST_FILE = paytter/Info.plist;
				LD_RUNPATH_SEARCH_PATHS = "$(inherited) @executable_path/Frameworks";
				PRODUCT_BUNDLE_IDENTIFIER = com.itf.paytter;
				PRODUCT_NAME = "$(TARGET_NAME)";
			};
			name = Debug;
		};
		BE293E221C93CED000549261 /* Release */ = {
			isa = XCBuildConfiguration;
			baseConfigurationReference = 2DF8D9BFA5FCAEAC903310AC /* Pods-paytter.release.xcconfig */;
			buildSettings = {
				ASSETCATALOG_COMPILER_APPICON_NAME = AppIcon;
				INFOPLIST_FILE = paytter/Info.plist;
				LD_RUNPATH_SEARCH_PATHS = "$(inherited) @executable_path/Frameworks";
				PRODUCT_BUNDLE_IDENTIFIER = com.itf.paytter;
				PRODUCT_NAME = "$(TARGET_NAME)";
			};
			name = Release;
		};
/* End XCBuildConfiguration section */

/* Begin XCConfigurationList section */
		BE293E091C93CECF00549261 /* Build configuration list for PBXProject "paytter" */ = {
			isa = XCConfigurationList;
			buildConfigurations = (
				BE293E1E1C93CED000549261 /* Debug */,
				BE293E1F1C93CED000549261 /* Release */,
			);
			defaultConfigurationIsVisible = 0;
			defaultConfigurationName = Release;
		};
		BE293E201C93CED000549261 /* Build configuration list for PBXNativeTarget "paytter" */ = {
			isa = XCConfigurationList;
			buildConfigurations = (
				BE293E211C93CED000549261 /* Debug */,
				BE293E221C93CED000549261 /* Release */,
			);
			defaultConfigurationIsVisible = 0;
			defaultConfigurationName = Release;
		};
/* End XCConfigurationList section */
	};
	rootObject = BE293E061C93CECF00549261 /* Project object */;
}
